
Microsoft Visual Studio Solution File, Format Version 12.00
# Visual Studio Version 16
VisualStudioVersion = 16.0.29409.12
MinimumVisualStudioVersion = 10.0.40219.1
Project("{FAE04EC0-301F-11D3-BF4B-00C04F79EFBC}") = "2048", "2048\2048.csproj", "{67DF883C-9FBD-480D-9345-A119E40EDC9C}"
EndProject
Global
	GlobalSection(SolutionConfigurationPlatforms) = preSolution
		Debug|Any CPU = Debug|Any CPU
		Release|Any CPU = Release|Any CPU
	EndGlobalSection
	GlobalSection(ProjectConfigurationPlatforms) = postSolution
		{67DF883C-9FBD-480D-9345-A119E40EDC9C}.Debug|Any CPU.ActiveCfg = Debug|Any CPU
		{67DF883C-9FBD-480D-9345-A119E40EDC9C}.Debug|Any CPU.Build.0 = Debug|Any CPU
		{67DF883C-9FBD-480D-9345-A119E40EDC9C}.Release|Any CPU.ActiveCfg = Release|Any CPU
		{67DF883C-9FBD-480D-9345-A119E40EDC9C}.Release|Any CPU.Build.0 = Release|Any CPU
	EndGlobalSection
	GlobalSection(SolutionProperties) = preSolution
		HideSolutionNode = FALSE
	EndGlobalSection
	GlobalSection(ExtensibilityGlobals) = postSolution
		SolutionGuid = {819B5AD6-2738-4D48-823B-D043EF6AE299}
	EndGlobalSection
EndGlobal
